
Microsoft Visual Studio Solution File, Format Version 12.00
# Visual Studio Version 16
VisualStudioVersion = 16.0.28803.202
MinimumVisualStudioVersion = 10.0.40219.1
Project("{FAE04EC0-301F-11D3-BF4B-00C04F79EFBC}") = "Lab11", "Lab11\Lab11.csproj", "{F3C05914-D8CB-4A4C-AFC3-A4789CC8AF45}"
EndProject
Global
	GlobalSection(SolutionConfigurationPlatforms) = preSolution
		Debug|Any CPU = Debug|Any CPU
		Release|Any CPU = Release|Any CPU
	EndGlobalSection
	GlobalSection(ProjectConfigurationPlatforms) = postSolution
		{F3C05914-D8CB-4A4C-AFC3-A4789CC8AF45}.Debug|Any CPU.ActiveCfg = Debug|Any CPU
		{F3C05914-D8CB-4A4C-AFC3-A4789CC8AF45}.Debug|Any CPU.Build.0 = Debug|Any CPU
		{F3C05914-D8CB-4A4C-AFC3-A4789CC8AF45}.Release|Any CPU.ActiveCfg = Release|Any CPU
		{F3C05914-D8CB-4A4C-AFC3-A4789CC8AF45}.Release|Any CPU.Build.0 = Release|Any CPU
	EndGlobalSection
	GlobalSection(SolutionProperties) = preSolution
		HideSolutionNode = FALSE
	EndGlobalSection
	GlobalSection(ExtensibilityGlobals) = postSolution
		SolutionGuid = {BBA288AC-E956-42DF-81FD-9744D43EF341}
	EndGlobalSection
EndGlobal
